
Microsoft Visual Studio Solution File, Format Version 12.00
# Visual Studio Version 16
VisualStudioVersion = 16.0.30523.141
MinimumVisualStudioVersion = 10.0.40219.1
Project("{FAE04EC0-301F-11D3-BF4B-00C04F79EFBC}") = "SysColors", "SysColors.csproj", "{30AE7031-9AEF-4D28-A921-FA03ECB06087}"
EndProject
Global
	GlobalSection(SolutionConfigurationPlatforms) = preSolution
		Debug|Any CPU = Debug|Any CPU
		Release|Any CPU = Release|Any CPU
	EndGlobalSection
	GlobalSection(ProjectConfigurationPlatforms) = postSolution
		{30AE7031-9AEF-4D28-A921-FA03ECB06087}.Debug|Any CPU.ActiveCfg = Debug|Any CPU
		{30AE7031-9AEF-4D28-A921-FA03ECB06087}.Debug|Any CPU.Build.0 = Debug|Any CPU
		{30AE7031-9AEF-4D28-A921-FA03ECB06087}.Release|Any CPU.ActiveCfg = Release|Any CPU
		{30AE7031-9AEF-4D28-A921-FA03ECB06087}.Release|Any CPU.Build.0 = Release|Any CPU
	EndGlobalSection
	GlobalSection(SolutionProperties) = preSolution
		HideSolutionNode = FALSE
	EndGlobalSection
	GlobalSection(ExtensibilityGlobals) = postSolution
		SolutionGuid = {0D31F235-1C1E-4C8C-9342-CC5B642D90EF}
	EndGlobalSection
EndGlobal
